
Microsoft Visual Studio Solution File, Format Version 12.00
# Visual Studio Version 17
VisualStudioVersion = 17.0.31903.59
MinimumVisualStudioVersion = 10.0.40219.1
Project("{FAE04EC0-301F-11D3-BF4B-00C04F79EFBC}") = "VendorMdm.Api", "VendorMdm.Api\VendorMdm.Api.csproj", "{B87FA49D-A759-4FAC-9E41-63B3731D9028}"
EndProject
Project("{FAE04EC0-301F-11D3-BF4B-00C04F79EFBC}") = "VendorMdm.Artifacts", "VendorMdm.Artifacts\VendorMdm.Artifacts.csproj", "{8E7BC282-DFA9-40B9-8A9E-D6CE5B07CF63}"
EndProject
Project("{FAE04EC0-301F-11D3-BF4B-00C04F79EFBC}") = "VendorMdm.Shared", "VendorMdm.Shared\VendorMdm.Shared.csproj", "{6B94EFE7-5A4E-4BBB-BDBB-3063F3DC55D8}"
EndProject
Project("{FAE04EC0-301F-11D3-BF4B-00C04F79EFBC}") = "VendorMdm.Api.Tests", "VendorMdm.Api.Tests\VendorMdm.Api.Tests.csproj", "{3980EE1F-9472-4801-A7CD-9D5A43F48448}"
EndProject
Project("{FAE04EC0-301F-11D3-BF4B-00C04F79EFBC}") = "VendorMdm.Core.Framework", "VendorMdm.Core.Framework\VendorMdm.Core.Framework.csproj", "{13AEDA9A-E95D-4C6E-9FD7-984E35AD3980}"
EndProject
Project("{FAE04EC0-301F-11D3-BF4B-00C04F79EFBC}") = "VendorMdm.Infrastructure", "VendorMdm.Infrastructure\VendorMdm.Infrastructure.csproj", "{4F32E72A-0D98-48CB-9116-A292BAE34122}"
EndProject
Project("{FAE04EC0-301F-11D3-BF4B-00C04F79EFBC}") = "VendorMdm.SchemaTest", "VendorMdm.SchemaTest\VendorMdm.SchemaTest.csproj", "{7A2C8E5F-D3B1-4F9A-8E6C-1B2D3E4F5A6B}"
EndProject
Project("{FAE04EC0-301F-11D3-BF4B-00C04F79EFBC}") = "MigrationRunner", "MigrationRunner\MigrationRunner.csproj", "{9C4E7D2A-1F8B-4E3C-A5D6-2C3B4E5F6A7D}"
EndProject
Global
	GlobalSection(SolutionConfigurationPlatforms) = preSolution
		Debug|Any CPU = Debug|Any CPU
		Release|Any CPU = Release|Any CPU
	EndGlobalSection
	GlobalSection(SolutionProperties) = preSolution
		HideSolutionNode = FALSE
	EndGlobalSection
	GlobalSection(ProjectConfigurationPlatforms) = postSolution
		{B87FA49D-A759-4FAC-9E41-63B3731D9028}.Debug|Any CPU.ActiveCfg = Debug|Any CPU
		{B87FA49D-A759-4FAC-9E41-63B3731D9028}.Debug|Any CPU.Build.0 = Debug|Any CPU
		{B87FA49D-A759-4FAC-9E41-63B3731D9028}.Release|Any CPU.ActiveCfg = Release|Any CPU
		{B87FA49D-A759-4FAC-9E41-63B3731D9028}.Release|Any CPU.Build.0 = Release|Any CPU
		{8E7BC282-DFA9-40B9-8A9E-D6CE5B07CF63}.Debug|Any CPU.ActiveCfg = Debug|Any CPU
		{8E7BC282-DFA9-40B9-8A9E-D6CE5B07CF63}.Debug|Any CPU.Build.0 = Debug|Any CPU
		{8E7BC282-DFA9-40B9-8A9E-D6CE5B07CF63}.Release|Any CPU.ActiveCfg = Release|Any CPU
		{8E7BC282-DFA9-40B9-8A9E-D6CE5B07CF63}.Release|Any CPU.Build.0 = Release|Any CPU
		{6B94EFE7-5A4E-4BBB-BDBB-3063F3DC55D8}.Debug|Any CPU.ActiveCfg = Debug|Any CPU
		{6B94EFE7-5A4E-4BBB-BDBB-3063F3DC55D8}.Debug|Any CPU.Build.0 = Debug|Any CPU
		{6B94EFE7-5A4E-4BBB-BDBB-3063F3DC55D8}.Release|Any CPU.ActiveCfg = Release|Any CPU
		{6B94EFE7-5A4E-4BBB-BDBB-3063F3DC55D8}.Release|Any CPU.Build.0 = Release|Any CPU
		{3980EE1F-9472-4801-A7CD-9D5A43F48448}.Debug|Any CPU.ActiveCfg = Debug|Any CPU
		{3980EE1F-9472-4801-A7CD-9D5A43F48448}.Debug|Any CPU.Build.0 = Debug|Any CPU
		{3980EE1F-9472-4801-A7CD-9D5A43F48448}.Release|Any CPU.ActiveCfg = Release|Any CPU
		{3980EE1F-9472-4801-A7CD-9D5A43F48448}.Release|Any CPU.Build.0 = Release|Any CPU
		{13AEDA9A-E95D-4C6E-9FD7-984E35AD3980}.Debug|Any CPU.ActiveCfg = Debug|Any CPU
		{13AEDA9A-E95D-4C6E-9FD7-984E35AD3980}.Debug|Any CPU.Build.0 = Debug|Any CPU
		{13AEDA9A-E95D-4C6E-9FD7-984E35AD3980}.Release|Any CPU.ActiveCfg = Release|Any CPU
		{13AEDA9A-E95D-4C6E-9FD7-984E35AD3980}.Release|Any CPU.Build.0 = Release|Any CPU
		{4F32E72A-0D98-48CB-9116-A292BAE34122}.Debug|Any CPU.ActiveCfg = Debug|Any CPU
		{4F32E72A-0D98-48CB-9116-A292BAE34122}.Debug|Any CPU.Build.0 = Debug|Any CPU
		{4F32E72A-0D98-48CB-9116-A292BAE34122}.Release|Any CPU.ActiveCfg = Release|Any CPU
		{4F32E72A-0D98-48CB-9116-A292BAE34122}.Release|Any CPU.Build.0 = Release|Any CPU
		{7A2C8E5F-D3B1-4F9A-8E6C-1B2D3E4F5A6B}.Debug|Any CPU.ActiveCfg = Debug|Any CPU
		{7A2C8E5F-D3B1-4F9A-8E6C-1B2D3E4F5A6B}.Debug|Any CPU.Build.0 = Debug|Any CPU
		{7A2C8E5F-D3B1-4F9A-8E6C-1B2D3E4F5A6B}.Release|Any CPU.ActiveCfg = Release|Any CPU
		{7A2C8E5F-D3B1-4F9A-8E6C-1B2D3E4F5A6B}.Release|Any CPU.Build.0 = Release|Any CPU
		{9C4E7D2A-1F8B-4E3C-A5D6-2C3B4E5F6A7D}.Debug|Any CPU.ActiveCfg = Debug|Any CPU
		{9C4E7D2A-1F8B-4E3C-A5D6-2C3B4E5F6A7D}.Debug|Any CPU.Build.0 = Debug|Any CPU
		{9C4E7D2A-1F8B-4E3C-A5D6-2C3B4E5F6A7D}.Release|Any CPU.ActiveCfg = Release|Any CPU
		{9C4E7D2A-1F8B-4E3C-A5D6-2C3B4E5F6A7D}.Release|Any CPU.Build.0 = Release|Any CPU
	EndGlobalSection
EndGlobal
